
Microsoft Visual Studio Solution File, Format Version 12.00
# Visual Studio 2012
Project("{FAE04EC0-301F-11D3-BF4B-00C04F79EFBC}") = "TangailBarAssociationV2", "TangailBarAssociationV2\TangailBarAssociationV2.csproj", "{9B675BD5-5004-4770-B9BC-79BB0E7A5736}"
EndProject
Global
	GlobalSection(SolutionConfigurationPlatforms) = preSolution
		Debug|Any CPU = Debug|Any CPU
		Release|Any CPU = Release|Any CPU
	EndGlobalSection
	GlobalSection(ProjectConfigurationPlatforms) = postSolution
		{9B675BD5-5004-4770-B9BC-79BB0E7A5736}.Debug|Any CPU.ActiveCfg = Debug|Any CPU
		{9B675BD5-5004-4770-B9BC-79BB0E7A5736}.Debug|Any CPU.Build.0 = Debug|Any CPU
		{9B675BD5-5004-4770-B9BC-79BB0E7A5736}.Release|Any CPU.ActiveCfg = Release|Any CPU
		{9B675BD5-5004-4770-B9BC-79BB0E7A5736}.Release|Any CPU.Build.0 = Release|Any CPU
	EndGlobalSection
	GlobalSection(SolutionProperties) = preSolution
		HideSolutionNode = FALSE
	EndGlobalSection
EndGlobal
